<Solution>
  <Project Path="01-USD-to-EUR/01-USD-to-EUR.csproj" />
  <Project Path="02-Four-Operations/02-Four-Operations.csproj" />
  <Project Path="03-Market/03-Market.csproj" />
  <Project Path="04-Tiles/04-Tiles.csproj" />
  <Project Path="05-Deposit-Calculator/05-Deposit-Calculator.csproj" />
  <Project Path="06.-Mandatory-Literature/06.-Mandatory-Literature.csproj" />
  <Project Path="07-Supplies-for-School/07-Supplies-for-School.csproj" />
  <Project Path="ArithmeticOperations-Demo/ArithmeticOperations-Demo.csproj" />
</Solution>
